
Microsoft Visual Studio Solution File, Format Version 12.00
# Visual Studio Version 17
VisualStudioVersion = 17.10.35122.118
MinimumVisualStudioVersion = 10.0.40219.1
Project("{9A19103F-16F7-4668-BE54-9A1E7A4F7556}") = "codecraft-web", "codecraft-web.csproj", "{ECC719BC-FCC3-4BAD-8881-3511B4D7E617}"
EndProject
Global
	GlobalSection(SolutionConfigurationPlatforms) = preSolution
		Debug|Any CPU = Debug|Any CPU
		Release|Any CPU = Release|Any CPU
	EndGlobalSection
	GlobalSection(ProjectConfigurationPlatforms) = postSolution
		{ECC719BC-FCC3-4BAD-8881-3511B4D7E617}.Debug|Any CPU.ActiveCfg = Debug|Any CPU
		{ECC719BC-FCC3-4BAD-8881-3511B4D7E617}.Debug|Any CPU.Build.0 = Debug|Any CPU
		{ECC719BC-FCC3-4BAD-8881-3511B4D7E617}.Release|Any CPU.ActiveCfg = Release|Any CPU
		{ECC719BC-FCC3-4BAD-8881-3511B4D7E617}.Release|Any CPU.Build.0 = Release|Any CPU
	EndGlobalSection
	GlobalSection(SolutionProperties) = preSolution
		HideSolutionNode = FALSE
	EndGlobalSection
	GlobalSection(ExtensibilityGlobals) = postSolution
		SolutionGuid = {6222AF28-1A33-4847-9558-843BF04990ED}
	EndGlobalSection
EndGlobal
