
Microsoft Visual Studio Solution File, Format Version 12.00
# Visual Studio Version 17
VisualStudioVersion = 17.10.35122.118
MinimumVisualStudioVersion = 10.0.40219.1
Project("{9A19103F-16F7-4668-BE54-9A1E7A4F7556}") = "CodeCraft.Database", "CodeCraft.Database\CodeCraft.Database.csproj", "{FED37971-825B-4E81-93B1-BADDF14CE06E}"
EndProject
Project("{9A19103F-16F7-4668-BE54-9A1E7A4F7556}") = "CodeCraft.StudentPortal", "CodeCraft.StudentPortal\CodeCraft.StudentPortal.csproj", "{51F459B8-4B84-4E9E-9EEE-7ABFD7885F7F}"
EndProject
Global
	GlobalSection(SolutionConfigurationPlatforms) = preSolution
		Debug|Any CPU = Debug|Any CPU
		Release|Any CPU = Release|Any CPU
	EndGlobalSection
	GlobalSection(ProjectConfigurationPlatforms) = postSolution
		{FED37971-825B-4E81-93B1-BADDF14CE06E}.Debug|Any CPU.ActiveCfg = Debug|Any CPU
		{FED37971-825B-4E81-93B1-BADDF14CE06E}.Debug|Any CPU.Build.0 = Debug|Any CPU
		{FED37971-825B-4E81-93B1-BADDF14CE06E}.Release|Any CPU.ActiveCfg = Release|Any CPU
		{FED37971-825B-4E81-93B1-BADDF14CE06E}.Release|Any CPU.Build.0 = Release|Any CPU
		{51F459B8-4B84-4E9E-9EEE-7ABFD7885F7F}.Debug|Any CPU.ActiveCfg = Debug|Any CPU
		{51F459B8-4B84-4E9E-9EEE-7ABFD7885F7F}.Debug|Any CPU.Build.0 = Debug|Any CPU
		{51F459B8-4B84-4E9E-9EEE-7ABFD7885F7F}.Release|Any CPU.ActiveCfg = Release|Any CPU
		{51F459B8-4B84-4E9E-9EEE-7ABFD7885F7F}.Release|Any CPU.Build.0 = Release|Any CPU
	EndGlobalSection
	GlobalSection(SolutionProperties) = preSolution
		HideSolutionNode = FALSE
	EndGlobalSection
	GlobalSection(ExtensibilityGlobals) = postSolution
		SolutionGuid = {F55CC781-BC9A-4A1C-B97E-227A18D2851E}
	EndGlobalSection
EndGlobal
